
Microsoft Visual Studio Solution File, Format Version 12.00
# Visual Studio 15
VisualStudioVersion = 15.0.27130.2003
MinimumVisualStudioVersion = 10.0.40219.1
Project("{FAE04EC0-301F-11D3-BF4B-00C04F79EFBC}") = "UserGuiLib.Common", "UserGuiLib.Common\UserGuiLib.Common.csproj", "{E99B217B-31F3-4A91-9DF1-8B47FDEFB91A}"
EndProject
Project("{FAE04EC0-301F-11D3-BF4B-00C04F79EFBC}") = "ObservableObjects", "ObservableObjects\ObservableObjects.csproj", "{F2D44823-9600-423C-8B0A-6833CE6D27C8}"
EndProject
Project("{FAE04EC0-301F-11D3-BF4B-00C04F79EFBC}") = "UserGuiLib.GDI", "UserGuiLib.GDI\UserGuiLib.GDI.csproj", "{76F92864-22F7-429A-9917-3D7DFA6E7956}"
EndProject
Global
	GlobalSection(SolutionConfigurationPlatforms) = preSolution
		Debug|Any CPU = Debug|Any CPU
		Release|Any CPU = Release|Any CPU
	EndGlobalSection
	GlobalSection(ProjectConfigurationPlatforms) = postSolution
		{E99B217B-31F3-4A91-9DF1-8B47FDEFB91A}.Debug|Any CPU.ActiveCfg = Debug|Any CPU
		{E99B217B-31F3-4A91-9DF1-8B47FDEFB91A}.Debug|Any CPU.Build.0 = Debug|Any CPU
		{E99B217B-31F3-4A91-9DF1-8B47FDEFB91A}.Release|Any CPU.ActiveCfg = Release|Any CPU
		{E99B217B-31F3-4A91-9DF1-8B47FDEFB91A}.Release|Any CPU.Build.0 = Release|Any CPU
		{F2D44823-9600-423C-8B0A-6833CE6D27C8}.Debug|Any CPU.ActiveCfg = Debug|Any CPU
		{F2D44823-9600-423C-8B0A-6833CE6D27C8}.Debug|Any CPU.Build.0 = Debug|Any CPU
		{F2D44823-9600-423C-8B0A-6833CE6D27C8}.Release|Any CPU.ActiveCfg = Release|Any CPU
		{F2D44823-9600-423C-8B0A-6833CE6D27C8}.Release|Any CPU.Build.0 = Release|Any CPU
		{76F92864-22F7-429A-9917-3D7DFA6E7956}.Debug|Any CPU.ActiveCfg = Debug|Any CPU
		{76F92864-22F7-429A-9917-3D7DFA6E7956}.Debug|Any CPU.Build.0 = Debug|Any CPU
		{76F92864-22F7-429A-9917-3D7DFA6E7956}.Release|Any CPU.ActiveCfg = Release|Any CPU
		{76F92864-22F7-429A-9917-3D7DFA6E7956}.Release|Any CPU.Build.0 = Release|Any CPU
	EndGlobalSection
	GlobalSection(SolutionProperties) = preSolution
		HideSolutionNode = FALSE
	EndGlobalSection
	GlobalSection(ExtensibilityGlobals) = postSolution
		SolutionGuid = {F135D93A-E045-4311-BCFC-36372F7710AA}
	EndGlobalSection
EndGlobal
